
Microsoft Visual Studio Solution File, Format Version 12.00
# Visual Studio Version 17
VisualStudioVersion = 17.7.34031.279
MinimumVisualStudioVersion = 10.0.40219.1
Project("{FAE04EC0-301F-11D3-BF4B-00C04F79EFBC}") = "ShopWeb", "ShopWeb\ShopWeb.csproj", "{EBE0E7D9-9DDA-4E7A-8964-8817AAE31AEB}"
EndProject
Global
	GlobalSection(SolutionConfigurationPlatforms) = preSolution
		Debug|Any CPU = Debug|Any CPU
		Release|Any CPU = Release|Any CPU
	EndGlobalSection
	GlobalSection(ProjectConfigurationPlatforms) = postSolution
		{EBE0E7D9-9DDA-4E7A-8964-8817AAE31AEB}.Debug|Any CPU.ActiveCfg = Debug|Any CPU
		{EBE0E7D9-9DDA-4E7A-8964-8817AAE31AEB}.Debug|Any CPU.Build.0 = Debug|Any CPU
		{EBE0E7D9-9DDA-4E7A-8964-8817AAE31AEB}.Release|Any CPU.ActiveCfg = Release|Any CPU
		{EBE0E7D9-9DDA-4E7A-8964-8817AAE31AEB}.Release|Any CPU.Build.0 = Release|Any CPU
	EndGlobalSection
	GlobalSection(SolutionProperties) = preSolution
		HideSolutionNode = FALSE
	EndGlobalSection
	GlobalSection(ExtensibilityGlobals) = postSolution
		SolutionGuid = {5EDD6EF5-EF11-4E7F-8F73-D4FA79AD0BBE}
	EndGlobalSection
EndGlobal
